
Microsoft Visual Studio Solution File, Format Version 12.00
# Visual Studio 15
VisualStudioVersion = 15.0.28307.1000
MinimumVisualStudioVersion = 10.0.40219.1
Project("{888888A0-9F3D-457C-B088-3A5042F75D52}") = "monte_carlo_simulation", "monte_carlo_simulation\monte_carlo_simulation.pyproj", "{2F6842ED-14ED-4BAA-BD88-2A884D75419B}"
EndProject
Global
	GlobalSection(SolutionConfigurationPlatforms) = preSolution
		Debug|Any CPU = Debug|Any CPU
		Release|Any CPU = Release|Any CPU
	EndGlobalSection
	GlobalSection(ProjectConfigurationPlatforms) = postSolution
		{2F6842ED-14ED-4BAA-BD88-2A884D75419B}.Debug|Any CPU.ActiveCfg = Debug|Any CPU
		{2F6842ED-14ED-4BAA-BD88-2A884D75419B}.Release|Any CPU.ActiveCfg = Release|Any CPU
	EndGlobalSection
	GlobalSection(SolutionProperties) = preSolution
		HideSolutionNode = FALSE
	EndGlobalSection
	GlobalSection(ExtensibilityGlobals) = postSolution
		SolutionGuid = {D630C0D5-7F6B-4172-BA1B-9464397F1F8E}
	EndGlobalSection
EndGlobal
